// !$*UTF8*$!
{
	archiveVersion = 1;
	classes = {
	};
	objectVersion = 77;
	objects = {

/* Begin PBXContainerItemProxy section */
		C516D3782E9BDCA700E9F770 /* PBXContainerItemProxy */ = {
			isa = PBXContainerItemProxy;
			containerPortal = C516D3622E9BDCA600E9F770 /* Project object */;
			proxyType = 1;
			remoteGlobalIDString = C516D3692E9BDCA600E9F770;
			remoteInfo = DailyApp;
		};
		C516D3822E9BDCA700E9F770 /* PBXContainerItemProxy */ = {
			isa = PBXContainerItemProxy;
			containerPortal = C516D3622E9BDCA600E9F770 /* Project object */;
			proxyType = 1;
			remoteGlobalIDString = C516D3692E9BDCA600E9F770;
			remoteInfo = DailyApp;
		};
/* End PBXContainerItemProxy section */

/* Begin PBXFileReference section */
		C516D36A2E9BDCA600E9F770 /* DailyApp.app */ = {isa = PBXFileReference; explicitFileType = wrapper.application; includeInIndex = 0; path = DailyApp.app; sourceTree = BUILT_PRODUCTS_DIR; };
		C516D3772E9BDCA700E9F770 /* DailyAppTests.xctest */ = {isa = PBXFileReference; explicitFileType = wrapper.cfbundle; includeInIndex = 0; path = DailyAppTests.xctest; sourceTree = BUILT_PRODUCTS_DIR; };
		C516D3812E9BDCA700E9F770 /* DailyAppUITests.xctest */ = {isa = PBXFileReference; explicitFileType = wrapper.cfbundle; includeInIndex = 0; path = DailyAppUITests.xctest; sourceTree = BUILT_PRODUCTS_DIR; };
/* End PBXFileReference section */

/* Begin PBXFileSystemSynchronizedRootGroup section */
		C516D36C2E9BDCA600E9F770 /* DailyApp */ = {
			isa = PBXFileSystemSynchronizedRootGroup;
			path = DailyApp;
			sourceTree = "<group>";
		};
		C516D37A2E9BDCA700E9F770 /* DailyAppTests */ = {
			isa = PBXFileSystemSynchronizedRootGroup;
			path = DailyAppTests;
			sourceTree = "<group>";
		};
		C516D3842E9BDCA700E9F770 /* DailyAppUITests */ = {
			isa = PBXFileSystemSynchronizedRootGroup;
			path = DailyAppUITests;
			sourceTree = "<group>";
		};
/* End PBXFileSystemSynchronizedRootGroup section */

/* Begin PBXFrameworksBuildPhase section */
		C516D3672E9BDCA600E9F770 /* Frameworks */ = {
			isa = PBXFrameworksBuildPhase;
			buildActionMask = 2147483647;
			files = (
			);
			runOnlyForDeploymentPostprocessing = 0;
		};
		C516D3742E9BDCA700E9F770 /* Frameworks */ = {
			isa = PBXFrameworksBuildPhase;
			buildActionMask = 2147483647;
			files = (
			);
			runOnlyForDeploymentPostprocessing = 0;
		};
		C516D37E2E9BDCA700E9F770 /* Frameworks */ = {
			isa = PBXFrameworksBuildPhase;
			buildActionMask = 2147483647;
			files = (
			);
			runOnlyForDeploymentPostprocessing = 0;
		};
/* End PBXFrameworksBuildPhase section */

/* Begin PBXGroup section */
		C516D3612E9BDCA600E9F770 = {
			isa = PBXGroup;
			children = (
				C516D36C2E9BDCA600E9F770 /* DailyApp */,
				C516D37A2E9BDCA700E9F770 /* DailyAppTests */,
				C516D3842E9BDCA700E9F770 /* DailyAppUITests */,
				C516D36B2E9BDCA600E9F770 /* Products */,
			);
			sourceTree = "<group>";
		};
		C516D36B2E9BDCA600E9F770 /* Products */ = {
			isa = PBXGroup;
			children = (
				C516D36A2E9BDCA600E9F770 /* DailyApp.app */,
				C516D3772E9BDCA700E9F770 /* DailyAppTests.xctest */,
				C516D3812E9BDCA700E9F770 /* DailyAppUITests.xctest */,
			);
			name = Products;
			sourceTree = "<group>";
		};
/* End PBXGroup section */

/* Begin PBXNativeTarget section */
		C516D3692E9BDCA600E9F770 /* DailyApp */ = {
			isa = PBXNativeTarget;
			buildConfigurationList = C516D38B2E9BDCA700E9F770 /* Build configuration list for PBXNativeTarget "DailyApp" */;
			buildPhases = (
				C516D3662E9BDCA600E9F770 /* Sources */,
				C516D3672E9BDCA600E9F770 /* Frameworks */,
				C516D3682E9BDCA600E9F770 /* Resources */,
			);
			buildRules = (
			);
			dependencies = (
			);
			fileSystemSynchronizedGroups = (
				C516D36C2E9BDCA600E9F770 /* DailyApp */,
			);
			name = DailyApp;
			packageProductDependencies = (
			);
			productName = DailyApp;
			productReference = C516D36A2E9BDCA600E9F770 /* DailyApp.app */;
			productType = "com.apple.product-type.application";
		};
		C516D3762E9BDCA700E9F770 /* DailyAppTests */ = {
			isa = PBXNativeTarget;
			buildConfigurationList = C516D38E2E9BDCA700E9F770 /* Build configuration list for PBXNativeTarget "DailyAppTests" */;
			buildPhases = (
				C516D3732E9BDCA700E9F770 /* Sources */,
				C516D3742E9BDCA700E9F770 /* Frameworks */,
				C516D3752E9BDCA700E9F770 /* Resources */,
			);
			buildRules = (
			);
			dependencies = (
				C516D3792E9BDCA700E9F770 /* PBXTargetDependency */,
			);
			fileSystemSynchronizedGroups = (
				C516D37A2E9BDCA700E9F770 /* DailyAppTests */,
			);
			name = DailyAppTests;
			packageProductDependencies = (
			);
			productName = DailyAppTests;
			productReference = C516D3772E9BDCA700E9F770 /* DailyAppTests.xctest */;
			productType = "com.apple.product-type.bundle.unit-test";
		};
		C516D3802E9BDCA700E9F770 /* DailyAppUITests */ = {
			isa = PBXNativeTarget;
			buildConfigurationList = C516D3912E9BDCA700E9F770 /* Build configuration list for PBXNativeTarget "DailyAppUITests" */;
			buildPhases = (
				C516D37D2E9BDCA700E9F770 /* Sources */,
				C516D37E2E9BDCA700E9F770 /* Frameworks */,
				C516D37F2E9BDCA700E9F770 /* Resources */,
			);
			buildRules = (
			);
			dependencies = (
				C516D3832E9BDCA700E9F770 /* PBXTargetDependency */,
			);
			fileSystemSynchronizedGroups = (
				C516D3842E9BDCA700E9F770 /* DailyAppUITests */,
			);
			name = DailyAppUITests;
			packageProductDependencies = (
			);
			productName = DailyAppUITests;
			productReference = C516D3812E9BDCA700E9F770 /* DailyAppUITests.xctest */;
			productType = "com.apple.product-type.bundle.ui-testing";
		};
/* End PBXNativeTarget section */

/* Begin PBXProject section */
		C516D3622E9BDCA600E9F770 /* Project object */ = {
			isa = PBXProject;
			attributes = {
				BuildIndependentTargetsInParallel = 1;
				LastSwiftUpdateCheck = 1640;
				LastUpgradeCheck = 1640;
				TargetAttributes = {
					C516D3692E9BDCA600E9F770 = {
						CreatedOnToolsVersion = 16.4;
					};
					C516D3762E9BDCA700E9F770 = {
						CreatedOnToolsVersion = 16.4;
						TestTargetID = C516D3692E9BDCA600E9F770;
					};
					C516D3802E9BDCA700E9F770 = {
						CreatedOnToolsVersion = 16.4;
						TestTargetID = C516D3692E9BDCA600E9F770;
					};
				};
			};
			buildConfigurationList = C516D3652E9BDCA600E9F770 /* Build configuration list for PBXProject "DailyApp" */;
			developmentRegion = en;
			hasScannedForEncodings = 0;
			knownRegions = (
				en,
				Base,
			);
			mainGroup = C516D3612E9BDCA600E9F770;
			minimizedProjectReferenceProxies = 1;
			preferredProjectObjectVersion = 77;
			productRefGroup = C516D36B2E9BDCA600E9F770 /* Products */;
			projectDirPath = "";
			projectRoot = "";
			targets = (
				C516D3692E9BDCA600E9F770 /* DailyApp */,
				C516D3762E9BDCA700E9F770 /* DailyAppTests */,
				C516D3802E9BDCA700E9F770 /* DailyAppUITests */,
			);
		};
/* End PBXProject section */

/* Begin PBXResourcesBuildPhase section */
		C516D3682E9BDCA600E9F770 /* Resources */ = {
			isa = PBXResourcesBuildPhase;
			buildActionMask = 2147483647;
			files = (
			);
			runOnlyForDeploymentPostprocessing = 0;
		};
		C516D3752E9BDCA700E9F770 /* Resources */ = {
			isa = PBXResourcesBuildPhase;
			buildActionMask = 2147483647;
			files = (
			);
			runOnlyForDeploymentPostprocessing = 0;
		};
		C516D37F2E9BDCA700E9F770 /* Resources */ = {
			isa = PBXResourcesBuildPhase;
			buildActionMask = 2147483647;
			files = (
			);
			runOnlyForDeploymentPostprocessing = 0;
		};
/* End PBXResourcesBuildPhase section */

/* Begin PBXSourcesBuildPhase section */
		C516D3662E9BDCA600E9F770 /* Sources */ = {
			isa = PBXSourcesBuildPhase;
			buildActionMask = 2147483647;
			files = (
			);
			runOnlyForDeploymentPostprocessing = 0;
		};
		C516D3732E9BDCA700E9F770 /* Sources */ = {
			isa = PBXSourcesBuildPhase;
			buildActionMask = 2147483647;
			files = (
			);
			runOnlyForDeploymentPostprocessing = 0;
		};
		C516D37D2E9BDCA700E9F770 /* Sources */ = {
			isa = PBXSourcesBuildPhase;
			buildActionMask = 2147483647;
			files = (
			);
			runOnlyForDeploymentPostprocessing = 0;
		};
/* End PBXSourcesBuildPhase section */

/* Begin PBXTargetDependency section */
		C516D3792E9BDCA700E9F770 /* PBXTargetDependency */ = {
			isa = PBXTargetDependency;
			target = C516D3692E9BDCA600E9F770 /* DailyApp */;
			targetProxy = C516D3782E9BDCA700E9F770 /* PBXContainerItemProxy */;
		};
		C516D3832E9BDCA700E9F770 /* PBXTargetDependency */ = {
			isa = PBXTargetDependency;
			target = C516D3692E9BDCA600E9F770 /* DailyApp */;
			targetProxy = C516D3822E9BDCA700E9F770 /* PBXContainerItemProxy */;
		};
/* End PBXTargetDependency section */

/* Begin XCBuildConfiguration section */
		C516D3892E9BDCA700E9F770 /* Debug */ = {
			isa = XCBuildConfiguration;
			buildSettings = {
				ALWAYS_SEARCH_USER_PATHS = NO;
				ASSETCATALOG_COMPILER_GENERATE_SWIFT_ASSET_SYMBOL_EXTENSIONS = YES;
				CLANG_ANALYZER_NONNULL = YES;
				CLANG_ANALYZER_NUMBER_OBJECT_CONVERSION = YES_AGGRESSIVE;
				CLANG_CXX_LANGUAGE_STANDARD = "gnu++20";
				CLANG_ENABLE_MODULES = YES;
				CLANG_ENABLE_OBJC_ARC = YES;
				CLANG_ENABLE_OBJC_WEAK = YES;
				CLANG_WARN_BLOCK_CAPTURE_AUTORELEASING = YES;
				CLANG_WARN_BOOL_CONVERSION = YES;
				CLANG_WARN_COMMA = YES;
				CLANG_WARN_CONSTANT_CONVERSION = YES;
				CLANG_WARN_DEPRECATED_OBJC_IMPLEMENTATIONS = YES;
				CLANG_WARN_DIRECT_OBJC_ISA_USAGE = YES_ERROR;
				CLANG_WARN_DOCUMENTATION_COMMENTS = YES;
				CLANG_WARN_EMPTY_BODY = YES;
				CLANG_WARN_ENUM_CONVERSION = YES;
				CLANG_WARN_INFINITE_RECURSION = YES;
				CLANG_WARN_INT_CONVERSION = YES;
				CLANG_WARN_NON_LITERAL_NULL_CONVERSION = YES;
				CLANG_WARN_OBJC_IMPLICIT_RETAIN_SELF = YES;
				CLANG_WARN_OBJC_LITERAL_CONVERSION = YES;
				CLANG_WARN_OBJC_ROOT_CLASS = YES_ERROR;
				CLANG_WARN_QUOTED_INCLUDE_IN_FRAMEWORK_HEADER = YES;
				CLANG_WARN_RANGE_LOOP_ANALYSIS = YES;
				CLANG_WARN_STRICT_PROTOTYPES = YES;
				CLANG_WARN_SUSPICIOUS_MOVE = YES;
				CLANG_WARN_UNGUARDED_AVAILABILITY = YES_AGGRESSIVE;
				CLANG_WARN_UNREACHABLE_CODE = YES;
				CLANG_WARN__DUPLICATE_METHOD_MATCH = YES;
				COPY_PHASE_STRIP = NO;
				DEBUG_INFORMATION_FORMAT = dwarf;
				DEVELOPMENT_TEAM = 8MJ62S99W7;
				ENABLE_STRICT_OBJC_MSGSEND = YES;
				ENABLE_TESTABILITY = YES;
				ENABLE_USER_SCRIPT_SANDBOXING = YES;
				GCC_C_LANGUAGE_STANDARD = gnu17;
				GCC_DYNAMIC_NO_PIC = NO;
				GCC_NO_COMMON_BLOCKS = YES;
				GCC_OPTIMIZATION_LEVEL = 0;
				GCC_PREPROCESSOR_DEFINITIONS = (
					"DEBUG=1",
					"$(inherited)",
				);
				GCC_WARN_64_TO_32_BIT_CONVERSION = YES;
				GCC_WARN_ABOUT_RETURN_TYPE = YES_ERROR;
				GCC_WARN_UNDECLARED_SELECTOR = YES;
				GCC_WARN_UNINITIALIZED_AUTOS = YES_AGGRESSIVE;
				GCC_WARN_UNUSED_FUNCTION = YES;
				GCC_WARN_UNUSED_VARIABLE = YES;
				IPHONEOS_DEPLOYMENT_TARGET = 18.5;
				LOCALIZATION_PREFERS_STRING_CATALOGS = YES;
				MTL_ENABLE_DEBUG_INFO = INCLUDE_SOURCE;
				MTL_FAST_MATH = YES;
				ONLY_ACTIVE_ARCH = YES;
				SDKROOT = iphoneos;
				SWIFT_ACTIVE_COMPILATION_CONDITIONS = "DEBUG $(inherited)";
				SWIFT_OPTIMIZATION_LEVEL = "-Onone";
			};
			name = Debug;
		};
		C516D38A2E9BDCA700E9F770 /* Release */ = {
			isa = XCBuildConfiguration;
			buildSettings = {
				ALWAYS_SEARCH_USER_PATHS = NO;
				ASSETCATALOG_COMPILER_GENERATE_SWIFT_ASSET_SYMBOL_EXTENSIONS = YES;
				CLANG_ANALYZER_NONNULL = YES;
				CLANG_ANALYZER_NUMBER_OBJECT_CONVERSION = YES_AGGRESSIVE;
				CLANG_CXX_LANGUAGE_STANDARD = "gnu++20";
				CLANG_ENABLE_MODULES = YES;
				CLANG_ENABLE_OBJC_ARC = YES;
				CLANG_ENABLE_OBJC_WEAK = YES;
				CLANG_WARN_BLOCK_CAPTURE_AUTORELEASING = YES;
				CLANG_WARN_BOOL_CONVERSION = YES;
				CLANG_WARN_COMMA = YES;
				CLANG_WARN_CONSTANT_CONVERSION = YES;
				CLANG_WARN_DEPRECATED_OBJC_IMPLEMENTATIONS = YES;
				CLANG_WARN_DIRECT_OBJC_ISA_USAGE = YES_ERROR;
				CLANG_WARN_DOCUMENTATION_COMMENTS = YES;
				CLANG_WARN_EMPTY_BODY = YES;
				CLANG_WARN_ENUM_CONVERSION = YES;
				CLANG_WARN_INFINITE_RECURSION = YES;
				CLANG_WARN_INT_CONVERSION = YES;
				CLANG_WARN_NON_LITERAL_NULL_CONVERSION = YES;
				CLANG_WARN_OBJC_IMPLICIT_RETAIN_SELF = YES;
				CLANG_WARN_OBJC_LITERAL_CONVERSION = YES;
				CLANG_WARN_OBJC_ROOT_CLASS = YES_ERROR;
				CLANG_WARN_QUOTED_INCLUDE_IN_FRAMEWORK_HEADER = YES;
				CLANG_WARN_RANGE_LOOP_ANALYSIS = YES;
				CLANG_WARN_STRICT_PROTOTYPES = YES;
				CLANG_WARN_SUSPICIOUS_MOVE = YES;
				CLANG_WARN_UNGUARDED_AVAILABILITY = YES_AGGRESSIVE;
				CLANG_WARN_UNREACHABLE_CODE = YES;
				CLANG_WARN__DUPLICATE_METHOD_MATCH = YES;
				COPY_PHASE_STRIP = NO;
				DEBUG_INFORMATION_FORMAT = "dwarf-with-dsym";
				DEVELOPMENT_TEAM = 8MJ62S99W7;
				ENABLE_NS_ASSERTIONS = NO;
				ENABLE_STRICT_OBJC_MSGSEND = YES;
				ENABLE_USER_SCRIPT_SANDBOXING = YES;
				GCC_C_LANGUAGE_STANDARD = gnu17;
				GCC_NO_COMMON_BLOCKS = YES;
				GCC_WARN_64_TO_32_BIT_CONVERSION = YES;
				GCC_WARN_ABOUT_RETURN_TYPE = YES_ERROR;
				GCC_WARN_UNDECLARED_SELECTOR = YES;
				GCC_WARN_UNINITIALIZED_AUTOS = YES_AGGRESSIVE;
				GCC_WARN_UNUSED_FUNCTION = YES;
				GCC_WARN_UNUSED_VARIABLE = YES;
				IPHONEOS_DEPLOYMENT_TARGET = 18.5;
				LOCALIZATION_PREFERS_STRING_CATALOGS = YES;
				MTL_ENABLE_DEBUG_INFO = NO;
				MTL_FAST_MATH = YES;
				SDKROOT = iphoneos;
				SWIFT_COMPILATION_MODE = wholemodule;
				VALIDATE_PRODUCT = YES;
			};
			name = Release;
		};
		C516D38C2E9BDCA700E9F770 /* Debug */ = {
			isa = XCBuildConfiguration;
			buildSettings = {
				ASSETCATALOG_COMPILER_APPICON_NAME = AppIcon;
				ASSETCATALOG_COMPILER_GLOBAL_ACCENT_COLOR_NAME = AccentColor;
				CODE_SIGN_STYLE = Automatic;
				CURRENT_PROJECT_VERSION = 1;
				DEVELOPMENT_TEAM = 8MJ62S99W7;
				ENABLE_PREVIEWS = YES;
				GENERATE_INFOPLIST_FILE = YES;
				INFOPLIST_KEY_UIApplicationSceneManifest_Generation = YES;
				INFOPLIST_KEY_UIApplicationSupportsIndirectInputEvents = YES;
				INFOPLIST_KEY_UILaunchScreen_Generation = YES;
				INFOPLIST_KEY_UISupportedInterfaceOrientations_iPad = "UIInterfaceOrientationPortrait UIInterfaceOrientationPortraitUpsideDown UIInterfaceOrientationLandscapeLeft UIInterfaceOrientationLandscapeRight";
				INFOPLIST_KEY_UISupportedInterfaceOrientations_iPhone = "UIInterfaceOrientationPortrait UIInterfaceOrientationLandscapeLeft UIInterfaceOrientationLandscapeRight";
				LD_RUNPATH_SEARCH_PATHS = (
					"$(inherited)",
					"@executable_path/Frameworks",
				);
				MARKETING_VERSION = 1.0;
				PRODUCT_BUNDLE_IDENTIFIER = com.antonyashwin.DailyApp;
				PRODUCT_NAME = "$(TARGET_NAME)";
				SWIFT_EMIT_LOC_STRINGS = YES;
				SWIFT_VERSION = 5.0;
				TARGETED_DEVICE_FAMILY = "1,2";
			};
			name = Debug;
		};
		C516D38D2E9BDCA700E9F770 /* Release */ = {
			isa = XCBuildConfiguration;
			buildSettings = {
				ASSETCATALOG_COMPILER_APPICON_NAME = AppIcon;
				ASSETCATALOG_COMPILER_GLOBAL_ACCENT_COLOR_NAME = AccentColor;
				CODE_SIGN_STYLE = Automatic;
				CURRENT_PROJECT_VERSION = 1;
				DEVELOPMENT_TEAM = 8MJ62S99W7;
				ENABLE_PREVIEWS = YES;
				GENERATE_INFOPLIST_FILE = YES;
				INFOPLIST_KEY_UIApplicationSceneManifest_Generation = YES;
				INFOPLIST_KEY_UIApplicationSupportsIndirectInputEvents = YES;
				INFOPLIST_KEY_UILaunchScreen_Generation = YES;
				INFOPLIST_KEY_UISupportedInterfaceOrientations_iPad = "UIInterfaceOrientationPortrait UIInterfaceOrientationPortraitUpsideDown UIInterfaceOrientationLandscapeLeft UIInterfaceOrientationLandscapeRight";
				INFOPLIST_KEY_UISupportedInterfaceOrientations_iPhone = "UIInterfaceOrientationPortrait UIInterfaceOrientationLandscapeLeft UIInterfaceOrientationLandscapeRight";
				LD_RUNPATH_SEARCH_PATHS = (
					"$(inherited)",
					"@executable_path/Frameworks",
				);
				MARKETING_VERSION = 1.0;
				PRODUCT_BUNDLE_IDENTIFIER = com.antonyashwin.DailyApp;
				PRODUCT_NAME = "$(TARGET_NAME)";
				SWIFT_EMIT_LOC_STRINGS = YES;
				SWIFT_VERSION = 5.0;
				TARGETED_DEVICE_FAMILY = "1,2";
			};
			name = Release;
		};
		C516D38F2E9BDCA700E9F770 /* Debug */ = {
			isa = XCBuildConfiguration;
			buildSettings = {
				BUNDLE_LOADER = "$(TEST_HOST)";
				CODE_SIGN_STYLE = Automatic;
				CURRENT_PROJECT_VERSION = 1;
				DEVELOPMENT_TEAM = 8MJ62S99W7;
				GENERATE_INFOPLIST_FILE = YES;
				IPHONEOS_DEPLOYMENT_TARGET = 18.5;
				MARKETING_VERSION = 1.0;
				PRODUCT_BUNDLE_IDENTIFIER = com.antonyashwin.DailyAppTests;
				PRODUCT_NAME = "$(TARGET_NAME)";
				SWIFT_EMIT_LOC_STRINGS = NO;
				SWIFT_VERSION = 5.0;
				TARGETED_DEVICE_FAMILY = "1,2";
				TEST_HOST = "$(BUILT_PRODUCTS_DIR)/DailyApp.app/$(BUNDLE_EXECUTABLE_FOLDER_PATH)/DailyApp";
			};
			name = Debug;
		};
		C516D3902E9BDCA700E9F770 /* Release */ = {
			isa = XCBuildConfiguration;
			buildSettings = {
				BUNDLE_LOADER = "$(TEST_HOST)";
				CODE_SIGN_STYLE = Automatic;
				CURRENT_PROJECT_VERSION = 1;
				DEVELOPMENT_TEAM = 8MJ62S99W7;
				GENERATE_INFOPLIST_FILE = YES;
				IPHONEOS_DEPLOYMENT_TARGET = 18.5;
				MARKETING_VERSION = 1.0;
				PRODUCT_BUNDLE_IDENTIFIER = com.antonyashwin.DailyAppTests;
				PRODUCT_NAME = "$(TARGET_NAME)";
				SWIFT_EMIT_LOC_STRINGS = NO;
				SWIFT_VERSION = 5.0;
				TARGETED_DEVICE_FAMILY = "1,2";
				TEST_HOST = "$(BUILT_PRODUCTS_DIR)/DailyApp.app/$(BUNDLE_EXECUTABLE_FOLDER_PATH)/DailyApp";
			};
			name = Release;
		};
		C516D3922E9BDCA700E9F770 /* Debug */ = {
			isa = XCBuildConfiguration;
			buildSettings = {
				CODE_SIGN_STYLE = Automatic;
				CURRENT_PROJECT_VERSION = 1;
				DEVELOPMENT_TEAM = 8MJ62S99W7;
				GENERATE_INFOPLIST_FILE = YES;
				MARKETING_VERSION = 1.0;
				PRODUCT_BUNDLE_IDENTIFIER = com.antonyashwin.DailyAppUITests;
				PRODUCT_NAME = "$(TARGET_NAME)";
				SWIFT_EMIT_LOC_STRINGS = NO;
				SWIFT_VERSION = 5.0;
				TARGETED_DEVICE_FAMILY = "1,2";
				TEST_TARGET_NAME = DailyApp;
			};
			name = Debug;
		};
		C516D3932E9BDCA700E9F770 /* Release */ = {
			isa = XCBuildConfiguration;
			buildSettings = {
				CODE_SIGN_STYLE = Automatic;
				CURRENT_PROJECT_VERSION = 1;
				DEVELOPMENT_TEAM = 8MJ62S99W7;
				GENERATE_INFOPLIST_FILE = YES;
				MARKETING_VERSION = 1.0;
				PRODUCT_BUNDLE_IDENTIFIER = com.antonyashwin.DailyAppUITests;
				PRODUCT_NAME = "$(TARGET_NAME)";
				SWIFT_EMIT_LOC_STRINGS = NO;
				SWIFT_VERSION = 5.0;
				TARGETED_DEVICE_FAMILY = "1,2";
				TEST_TARGET_NAME = DailyApp;
			};
			name = Release;
		};
/* End XCBuildConfiguration section */

/* Begin XCConfigurationList section */
		C516D3652E9BDCA600E9F770 /* Build configuration list for PBXProject "DailyApp" */ = {
			isa = XCConfigurationList;
			buildConfigurations = (
				C516D3892E9BDCA700E9F770 /* Debug */,
				C516D38A2E9BDCA700E9F770 /* Release */,
			);
			defaultConfigurationIsVisible = 0;
			defaultConfigurationName = Release;
		};
		C516D38B2E9BDCA700E9F770 /* Build configuration list for PBXNativeTarget "DailyApp" */ = {
			isa = XCConfigurationList;
			buildConfigurations = (
				C516D38C2E9BDCA700E9F770 /* Debug */,
				C516D38D2E9BDCA700E9F770 /* Release */,
			);
			defaultConfigurationIsVisible = 0;
			defaultConfigurationName = Release;
		};
		C516D38E2E9BDCA700E9F770 /* Build configuration list for PBXNativeTarget "DailyAppTests" */ = {
			isa = XCConfigurationList;
			buildConfigurations = (
				C516D38F2E9BDCA700E9F770 /* Debug */,
				C516D3902E9BDCA700E9F770 /* Release */,
			);
			defaultConfigurationIsVisible = 0;
			defaultConfigurationName = Release;
		};
		C516D3912E9BDCA700E9F770 /* Build configuration list for PBXNativeTarget "DailyAppUITests" */ = {
			isa = XCConfigurationList;
			buildConfigurations = (
				C516D3922E9BDCA700E9F770 /* Debug */,
				C516D3932E9BDCA700E9F770 /* Release */,
			);
			defaultConfigurationIsVisible = 0;
			defaultConfigurationName = Release;
		};
/* End XCConfigurationList section */
	};
	rootObject = C516D3622E9BDCA600E9F770 /* Project object */;
}
